
Microsoft Visual Studio Solution File, Format Version 12.00
# Visual Studio Version 16
VisualStudioVersion = 16.0.30011.22
MinimumVisualStudioVersion = 10.0.40219.1
Project("{FAE04EC0-301F-11D3-BF4B-00C04F79EFBC}") = "Donations_Software", "Donations_Software.csproj", "{E4B326FB-A0D2-4D60-920C-0298CA17929F}"
EndProject
Global
	GlobalSection(SolutionConfigurationPlatforms) = preSolution
		Debug|Any CPU = Debug|Any CPU
		Release|Any CPU = Release|Any CPU
	EndGlobalSection
	GlobalSection(ProjectConfigurationPlatforms) = postSolution
		{E4B326FB-A0D2-4D60-920C-0298CA17929F}.Debug|Any CPU.ActiveCfg = Debug|Any CPU
		{E4B326FB-A0D2-4D60-920C-0298CA17929F}.Debug|Any CPU.Build.0 = Debug|Any CPU
		{E4B326FB-A0D2-4D60-920C-0298CA17929F}.Release|Any CPU.ActiveCfg = Release|Any CPU
		{E4B326FB-A0D2-4D60-920C-0298CA17929F}.Release|Any CPU.Build.0 = Release|Any CPU
	EndGlobalSection
	GlobalSection(SolutionProperties) = preSolution
		HideSolutionNode = FALSE
	EndGlobalSection
	GlobalSection(ExtensibilityGlobals) = postSolution
		SolutionGuid = {F219BDDE-44A7-4D69-B8AD-1DC1E3FAE203}
	EndGlobalSection
EndGlobal
